// !$*UTF8*$!
{
	archiveVersion = 1;
	classes = {};
	objectVersion = 56;
	objects = {

/* Begin PBXBuildFile section */
		C5EF7D3E432C4335BEDDC1DF /* MusicKit.framework in Frameworks */ = {isa = PBXBuildFile; fileRef = 31D78AC49888491896350D22 /* MusicKit.framework */; };
		D8CBADF571244ABEA62016FD /* AppDelegate.swift in Sources */ = {isa = PBXBuildFile; fileRef = BD44D07AE859487590186EE3 /* AppDelegate.swift */; };
		C48988D619AB46709841DBFE /* AppConfig.swift in Sources */ = {isa = PBXBuildFile; fileRef = 4125C7457A1349F1989895BA /* AppConfig.swift */; };
		FA55CD3F3313459CA8E8D5C1 /* Models.swift in Sources */ = {isa = PBXBuildFile; fileRef = 1C7F3630D1D34E11BAA6F43D /* Models.swift */; };
		192ECA2449A340FD9255EF3A /* AdsService.swift in Sources */ = {isa = PBXBuildFile; fileRef = 0A615F8F5C134968BAEF13F3 /* AdsService.swift */; };
		DEABB0399D264012807F1478 /* AppleMusicNowPlayingService.swift in Sources */ = {isa = PBXBuildFile; fileRef = 9A23B00B6E8247ED8EB2782E /* AppleMusicNowPlayingService.swift */; };
		B151E1B0FC324064BA8BB8CD /* AuthService.swift in Sources */ = {isa = PBXBuildFile; fileRef = F6E5FB289B5E467BB8BCF83F /* AuthService.swift */; };
		B8EB692BDAC04EFCAA3BB63B /* CallKitManager.swift in Sources */ = {isa = PBXBuildFile; fileRef = 21182A1722AD4659A62B65B7 /* CallKitManager.swift */; };
		88DD9E89AEB34660B0E52FDB /* CallSessionManager.swift in Sources */ = {isa = PBXBuildFile; fileRef = FC0F430E0A5A4C0BB75FFCD3 /* CallSessionManager.swift */; };
		5D1A882411184FF8A22CF6AE /* CallSignalingService.swift in Sources */ = {isa = PBXBuildFile; fileRef = 38315D4723E04151A82ED5A1 /* CallSignalingService.swift */; };
		02F21263310148FAB544AD64 /* CallSoundService.swift in Sources */ = {isa = PBXBuildFile; fileRef = 53586219F09B4F83946D1F1C /* CallSoundService.swift */; };
		F647E6464BBB44C1A4ED01C9 /* DemoDatasetService.swift in Sources */ = {isa = PBXBuildFile; fileRef = C7DC8C0D447745DD91BB7D66 /* DemoDatasetService.swift */; };
		9A62C358B6EC4D2F8A416D62 /* FollowService.swift in Sources */ = {isa = PBXBuildFile; fileRef = B0078456A7F34407871B9EB5 /* FollowService.swift */; };
		0338881F0997477984B6F9DB /* GraphQLService.swift in Sources */ = {isa = PBXBuildFile; fileRef = B905656017144E5E9F232BC0 /* GraphQLService.swift */; };
		5D0E75C4E0B5494792B8D954 /* GraphQLTypes.swift in Sources */ = {isa = PBXBuildFile; fileRef = D17F990D92334AA59184E0FC /* GraphQLTypes.swift */; };
		95D3AB758977482DADACA4E9 /* ImageCache.swift in Sources */ = {isa = PBXBuildFile; fileRef = 4FF03A86801B44AA89291D10 /* ImageCache.swift */; };
		2EF76697E6074EF3B314C0D6 /* JSONCoding.swift in Sources */ = {isa = PBXBuildFile; fileRef = 1ADFD73C67C3480BAFB05FAB /* JSONCoding.swift */; };
		380DD0093C2D419A97A557AD /* LocationService.swift in Sources */ = {isa = PBXBuildFile; fileRef = 7DE6F9F4DC1A47748E456EA7 /* LocationService.swift */; };
		7FB3D4FD374F457D9B6C94B6 /* MediaService.swift in Sources */ = {isa = PBXBuildFile; fileRef = ED898FAA633E4130826B82B6 /* MediaService.swift */; };
		394A84401A51472BBCD9DE63 /* MediaURLResolver.swift in Sources */ = {isa = PBXBuildFile; fileRef = 5D2FE7F814434A49814144B9 /* MediaURLResolver.swift */; };
		7524FC74E0D14C63A84CBFB1 /* MessagesService.swift in Sources */ = {isa = PBXBuildFile; fileRef = 5ABD70742F3F4ADF83A208BC /* MessagesService.swift */; };
		777B3810EB3E4DC89FDDC58E /* NewsService.swift in Sources */ = {isa = PBXBuildFile; fileRef = 579A745C559649109D2BAC00 /* NewsService.swift */; };
		97E6646B7FF94B35A9BB1575 /* NotificationNames.swift in Sources */ = {isa = PBXBuildFile; fileRef = 4FC0191D336F4FEF81BA0FEA /* NotificationNames.swift */; };
		762FEA8988AF468DB88DD17C /* NotificationsService.swift in Sources */ = {isa = PBXBuildFile; fileRef = A512D5A6B3304EFCB65CEFE4 /* NotificationsService.swift */; };
		FDFC9AD627FA4B4ABDD79FC2 /* PostsService.swift in Sources */ = {isa = PBXBuildFile; fileRef = C4F4B802FA92435CA4997DDD /* PostsService.swift */; };
		04E74FBA869E48D684F49330 /* PresenceService.swift in Sources */ = {isa = PBXBuildFile; fileRef = 313DF4B9B2DA4FC58A9C6FC5 /* PresenceService.swift */; };
		C39C4E19E4F0479C9BF0761E /* ProfileService.swift in Sources */ = {isa = PBXBuildFile; fileRef = 45FB13A1DEDB453EB13C0160 /* ProfileService.swift */; };
		D4BF0B5332A64BC797C197E4 /* PushNotificationService.swift in Sources */ = {isa = PBXBuildFile; fileRef = B342B14992BE419F858FCD32 /* PushNotificationService.swift */; };
		21118D18440E406EB8D5A94E /* ReelsRankingEngine.swift in Sources */ = {isa = PBXBuildFile; fileRef = E9C77C07C400414EA4DD4432 /* ReelsRankingEngine.swift */; };
		B47450490937451D81C229F0 /* StreamingHubService.swift in Sources */ = {isa = PBXBuildFile; fileRef = 910E7B3B8BE247009F999A7D /* StreamingHubService.swift */; };
		2A3F2CD763774634A38842DC /* VideoCompressionService.swift in Sources */ = {isa = PBXBuildFile; fileRef = 8B3A7C16EE8A45C09162FA87 /* VideoCompressionService.swift */; };
		04CF38B1C064472C87ADE3AF /* VoIPPushService.swift in Sources */ = {isa = PBXBuildFile; fileRef = 88620D35358A472F8C25599E /* VoIPPushService.swift */; };
		C5CEDC7960474951A6843EBA /* ContentSanitizer.swift in Sources */ = {isa = PBXBuildFile; fileRef = 05B62D940071431F90F253B5 /* ContentSanitizer.swift */; };
		D9F7026CEADB4B95A148F410 /* FacebookMediaLayout.swift in Sources */ = {isa = PBXBuildFile; fileRef = 11963A860463484FA9B8C88D /* FacebookMediaLayout.swift */; };
		D20B00F03CF7400DA8D112D2 /* Theme.swift in Sources */ = {isa = PBXBuildFile; fileRef = B8F5CD8FFC324D2092CA545E /* Theme.swift */; };
		A483FC4408FC475CA4CBA6D7 /* AppState.swift in Sources */ = {isa = PBXBuildFile; fileRef = D365BE3313484768A375B086 /* AppState.swift */; };
		09D74593E7D8437DAF9DAEA6 /* AdPrerollView.swift in Sources */ = {isa = PBXBuildFile; fileRef = 9B38A8184A7043E593378985 /* AdPrerollView.swift */; };
		7198AD49C341489CA06EDF86 /* AdsView.swift in Sources */ = {isa = PBXBuildFile; fileRef = 2A40A86A54C347A5898E0A18 /* AdsView.swift */; };
		DE6402763D514C4A98558585 /* AuthView.swift in Sources */ = {isa = PBXBuildFile; fileRef = 92DB630B6E8E46C48C34D597 /* AuthView.swift */; };
		455B2A690F6C48ADA53D78E7 /* AppMenuView.swift in Sources */ = {isa = PBXBuildFile; fileRef = BB7166B46A08467FA71299AC /* AppMenuView.swift */; };
		64D768A24EE042D5A8F6E115 /* BottomTabBar.swift in Sources */ = {isa = PBXBuildFile; fileRef = 4992EBAEC66E4C1C9DE27C38 /* BottomTabBar.swift */; };
		03DE26F41F6040BFA1772690 /* CreateMenuSheet.swift in Sources */ = {isa = PBXBuildFile; fileRef = B6D0409A46B64721949313F9 /* CreateMenuSheet.swift */; };
		EACA787E11CE4FC1AD9115EF /* FacebookPostCard.swift in Sources */ = {isa = PBXBuildFile; fileRef = E487B0B865D9433E9456DE7D /* FacebookPostCard.swift */; };
		3C6E4736D84949B0B9255765 /* FloatingPostsOverlay.swift in Sources */ = {isa = PBXBuildFile; fileRef = 32CDFE5A299C4943B7AA309E /* FloatingPostsOverlay.swift */; };
		14F0FABE0E7246EDA7DE16E0 /* HandDrawnStyle.swift in Sources */ = {isa = PBXBuildFile; fileRef = D98AF9DED12246A297184CC9 /* HandDrawnStyle.swift */; };
		A4A2DF2063D04073A25284DC /* MatteryaTopBar.swift in Sources */ = {isa = PBXBuildFile; fileRef = D930A9D8B12C4AB6963F1AC3 /* MatteryaTopBar.swift */; };
		29385FF07A214865B465E2D5 /* PostCardView.swift in Sources */ = {isa = PBXBuildFile; fileRef = 522E4491428A4BCB8BE0A95E /* PostCardView.swift */; };
		4EAC47CDF4BC45DA898516D4 /* PostCommentsView.swift in Sources */ = {isa = PBXBuildFile; fileRef = 00A26D14F43841B3B6EED0D3 /* PostCommentsView.swift */; };
		A9AA8A770D4B4083B16C2306 /* PostComposerView.swift in Sources */ = {isa = PBXBuildFile; fileRef = 3D7BF79E1F924DDA868418DF /* PostComposerView.swift */; };
		E6C3B90FE594438FAEAF0CE4 /* ReelComposerView.swift in Sources */ = {isa = PBXBuildFile; fileRef = 60094BA8234A41E1960E4F6E /* ReelComposerView.swift */; };
		AD2DB7A222AC4F76AD2A8F20 /* StoriesStripView.swift in Sources */ = {isa = PBXBuildFile; fileRef = 3D8A27B66C5B4850A36AF73C /* StoriesStripView.swift */; };
		5C2D797EDA3D4B65A0BB1ED6 /* StoriesViewerView.swift in Sources */ = {isa = PBXBuildFile; fileRef = 6C0F0F22EF74402EA9F46657 /* StoriesViewerView.swift */; };
		775E5505482C444A8DF4B70D /* StoryComposerView.swift in Sources */ = {isa = PBXBuildFile; fileRef = 666D3E023717492AB8847ECA /* StoryComposerView.swift */; };
		406DAF13CD1A4F7FAA15C0D6 /* UnreadBadge.swift in Sources */ = {isa = PBXBuildFile; fileRef = F17938232A104C1EA4CB2815 /* UnreadBadge.swift */; };
		CF37E06DF5194E20840216E3 /* VideoPlayerView.swift in Sources */ = {isa = PBXBuildFile; fileRef = 3C7263455EC140A0BE6E39F9 /* VideoPlayerView.swift */; };
		7D77F829393648188BA03C25 /* ConnectedHubModels.swift in Sources */ = {isa = PBXBuildFile; fileRef = C799F0BB2424471F907502AB /* ConnectedHubModels.swift */; };
		A8D137E753604687B5DB7F76 /* ConnectedHubView.swift in Sources */ = {isa = PBXBuildFile; fileRef = 2FEB8C86B2A14AA2BEA469BB /* ConnectedHubView.swift */; };
		CA3A4078A4D24BFEBE816A1C /* LivePlaybackCard.swift in Sources */ = {isa = PBXBuildFile; fileRef = 34847576FB9745FD99AE6369 /* LivePlaybackCard.swift */; };
		42BA56770C4F49F695048D1E /* LivePlaybackModels.swift in Sources */ = {isa = PBXBuildFile; fileRef = 7922A3DE9BCD4C0388698F1C /* LivePlaybackModels.swift */; };
		D5BBB1DEB9AA4AE7BE3B9EF8 /* MomentRoomSheet.swift in Sources */ = {isa = PBXBuildFile; fileRef = 739D0C9394A548859CB94F1F /* MomentRoomSheet.swift */; };
		4EFE1EF254704EC0AB523B0A /* UpdateNowPlayingSheet.swift in Sources */ = {isa = PBXBuildFile; fileRef = 65D59FFA37BC4E8CB15DC924 /* UpdateNowPlayingSheet.swift */; };
		437BE961118D4DDE90C13FCB /* FeedView.swift in Sources */ = {isa = PBXBuildFile; fileRef = FEFBB8B44A3C4E3C90DD25BF /* FeedView.swift */; };
		17D8B9B90B0E423590C2CDF7 /* AppleMapGlobeView.swift in Sources */ = {isa = PBXBuildFile; fileRef = 8D94A23E4B27438BBAC5030F /* AppleMapGlobeView.swift */; };
		E9367CBE7BCC4BECA96953FC /* CartoonGlobeTexture.swift in Sources */ = {isa = PBXBuildFile; fileRef = 89CCF205CE144386AB66C604 /* CartoonGlobeTexture.swift */; };
		978D4514107742F89C046F02 /* CountryFeedView.swift in Sources */ = {isa = PBXBuildFile; fileRef = 4A5A3710DAB4469593C47189 /* CountryFeedView.swift */; };
		142384890B1E459D8460AE02 /* CountryMapData.swift in Sources */ = {isa = PBXBuildFile; fileRef = C9A8A2F9496549EA9CB7C384 /* CountryMapData.swift */; };
		E7FBBF653DCF4D0E9D210C87 /* CustomGlobeBuilder.swift in Sources */ = {isa = PBXBuildFile; fileRef = E03AF90D5EB148C4A9B74A6A /* CustomGlobeBuilder.swift */; };
		08E69BEB68224276B66AF53C /* GlobeCountryLabels.swift in Sources */ = {isa = PBXBuildFile; fileRef = F48E8CBAD2344FD98966EAED /* GlobeCountryLabels.swift */; };
		C1C58545EE2A4692AF25FBE2 /* GlobeMeshBuilder.swift in Sources */ = {isa = PBXBuildFile; fileRef = A3B07B27AA364406AC60103B /* GlobeMeshBuilder.swift */; };
		732D49977A784CA38F8518F7 /* GlobeView.swift in Sources */ = {isa = PBXBuildFile; fileRef = 95B038D585314A6BACAE60F0 /* GlobeView.swift */; };
		BE3BAA8C237F4DC6A1B34264 /* HandDrawnGlobeScene.swift in Sources */ = {isa = PBXBuildFile; fileRef = 910FE350B67C4A9FA7F5BDE6 /* HandDrawnGlobeScene.swift */; };
		33F085872C78448D89A0FA6C /* HandDrawnGlobeView.swift in Sources */ = {isa = PBXBuildFile; fileRef = 2492DC2845AF4BCC830973EE /* HandDrawnGlobeView.swift */; };
		F164C252E35B4DB8897E9C5E /* NotificationsPanelView.swift in Sources */ = {isa = PBXBuildFile; fileRef = 66C22CF5A9714C54872A23C9 /* NotificationsPanelView.swift */; };
		F58E00F5E2AD46B0AD83975D /* PhotorealGlobeBuilder.swift in Sources */ = {isa = PBXBuildFile; fileRef = 3EEE7166B9E94CA1AFBF5178 /* PhotorealGlobeBuilder.swift */; };
		D545D6C1253A450E87CEE026 /* PhotorealGlobeScene.swift in Sources */ = {isa = PBXBuildFile; fileRef = C04CC516F7D649A48A8DEF6C /* PhotorealGlobeScene.swift */; };
		768EC8CA10CE4B86B0A998E9 /* PhotorealGlobeTextures.swift in Sources */ = {isa = PBXBuildFile; fileRef = 3925C65FA33F4DFEB557C4CC /* PhotorealGlobeTextures.swift */; };
		BF9CFAA44A32411BA534F167 /* PhotorealGlobeView.swift in Sources */ = {isa = PBXBuildFile; fileRef = E57ED7F336A24084B8486289 /* PhotorealGlobeView.swift */; };
		1F8421E147D04E6AAFBE408E /* PresencePanelView.swift in Sources */ = {isa = PBXBuildFile; fileRef = 6D89321A1CE34857B574576B /* PresencePanelView.swift */; };
		EE886EECB0D5475AAAA4A0C8 /* StarfieldGenerator.swift in Sources */ = {isa = PBXBuildFile; fileRef = 9D16035C55844B3397F0CE03 /* StarfieldGenerator.swift */; };
		B84B8845CB444ACF91B87008 /* LivingView.swift in Sources */ = {isa = PBXBuildFile; fileRef = F3B977ED1BB944718A48B447 /* LivingView.swift */; };
		977925DFC7CA46D29E47C519 /* MainTabView.swift in Sources */ = {isa = PBXBuildFile; fileRef = A63BFE37586B4EA2BB1D4E91 /* MainTabView.swift */; };
		AC1E77B35B7A4CB4A253258D /* CallOverlayView.swift in Sources */ = {isa = PBXBuildFile; fileRef = B6C9830D69EE49068E33F4EB /* CallOverlayView.swift */; };
		571015DC8CA745899139DA12 /* ConversationView.swift in Sources */ = {isa = PBXBuildFile; fileRef = 479B0245C95349C4AB0179DD /* ConversationView.swift */; };
		EAF4E61DD27843FB97DB7E42 /* MessagesView.swift in Sources */ = {isa = PBXBuildFile; fileRef = 83DE086A5F3A4B1BBC02BA49 /* MessagesView.swift */; };
		57CF0548119840DDADEA7C0A /* NewsDetailView.swift in Sources */ = {isa = PBXBuildFile; fileRef = 684EB96C1A5C4564AC614723 /* NewsDetailView.swift */; };
		CA917990C64B49A785D76DB3 /* PeopleView.swift in Sources */ = {isa = PBXBuildFile; fileRef = FF87CF06A86D4D2593259C31 /* PeopleView.swift */; };
		0FBC2A19906A4C22A58D102C /* PostDetailView.swift in Sources */ = {isa = PBXBuildFile; fileRef = E3A6E9B766DC4FAD8A58ED7C /* PostDetailView.swift */; };
		75CCD9AC26C942D1AC9DD142 /* EditProfileView.swift in Sources */ = {isa = PBXBuildFile; fileRef = B5A6AD289190406FB4E67030 /* EditProfileView.swift */; };
		B54F11F25AF14F65A672ACF4 /* ProfilePostCard.swift in Sources */ = {isa = PBXBuildFile; fileRef = 7487B0B73B3E4F4CB1D876B1 /* ProfilePostCard.swift */; };
		DC45C9BC5E15467E8FD36A04 /* ProfileSetupView.swift in Sources */ = {isa = PBXBuildFile; fileRef = 74AB3640DE1B424E8BDCAD41 /* ProfileSetupView.swift */; };
		6F55C3FFB66F48FDAFAB1DE9 /* ProfileView.swift in Sources */ = {isa = PBXBuildFile; fileRef = 41556F97D4934DF7873CB209 /* ProfileView.swift */; };
		C88A6696974E467F8A160ACA /* PublicProfileView.swift in Sources */ = {isa = PBXBuildFile; fileRef = AAA9F75349B3465996E89EE4 /* PublicProfileView.swift */; };
		D64AEC539CBA406EB3880934 /* ReelsTabView.swift in Sources */ = {isa = PBXBuildFile; fileRef = E172A6429E974558A2A9AC3E /* ReelsTabView.swift */; };
		51B63BF32B8241769AFBD8E9 /* ReelsView.swift in Sources */ = {isa = PBXBuildFile; fileRef = BC7EBE453E504AC190D8AA85 /* ReelsView.swift */; };
		80CA6F5FB0A04E788ED6A811 /* RootView.swift in Sources */ = {isa = PBXBuildFile; fileRef = 598B581C42224249892352FF /* RootView.swift */; };
		68FD16A4043143F6B2C5DB89 /* SearchView.swift in Sources */ = {isa = PBXBuildFile; fileRef = 1A078EB9B9E64607A49814F4 /* SearchView.swift */; };
		B2F9DD90AA334A4EBC1FA0A8 /* SettingsView.swift in Sources */ = {isa = PBXBuildFile; fileRef = 81340A6BDCEA468C963CC71D /* SettingsView.swift */; };
		CF82FBECBF7A46FDB4FD995C /* WorldAppApp.swift in Sources */ = {isa = PBXBuildFile; fileRef = 70F98DD828694A7E9F526575 /* WorldAppApp.swift */; };
		BF09FBDAA5DF439C84F2A0E8 /* Assets.xcassets in Resources */ = {isa = PBXBuildFile; fileRef = 510B5718EABB41279DD39AD1 /* Assets.xcassets */; };
		9223EF41E8114B4EAAF3DF44 /* earth_clouds.jpg in Resources */ = {isa = PBXBuildFile; fileRef = F290C94F7832438F8B55C42C /* earth_clouds.jpg */; };
		0F7010673D4F4F2092509ED5 /* earth_clouds.png in Resources */ = {isa = PBXBuildFile; fileRef = B5746C1131664C63AC5B6C58 /* earth_clouds.png */; };
		994716FABC5740759C2967DE /* earth_daymap.jpg in Resources */ = {isa = PBXBuildFile; fileRef = 2462962AA2CD461BA766F591 /* earth_daymap.jpg */; };
		1A169136230947C4A1B92505 /* earth_daymap.png in Resources */ = {isa = PBXBuildFile; fileRef = 3CF5F343452A4673B8F7E319 /* earth_daymap.png */; };
		8CD92FCA8CC24B3E9BAFAB55 /* stars.jpg in Resources */ = {isa = PBXBuildFile; fileRef = 0DCD3B4602E349F0A9C5C43C /* stars.jpg */; };
		EC7E7584557B44BAA21C9684 /* stars.png in Resources */ = {isa = PBXBuildFile; fileRef = 459A7132722A4E4489144762 /* stars.png */; };
		2FB9A61C76C24202BC74B1CE /* MatteryaCall.caf in Resources */ = {isa = PBXBuildFile; fileRef = 5CDF93E0D1AE4EF9B31C048A /* MatteryaCall.caf */; };
		8C12D47802CD42F991D50C9E /* countries_map.json in Resources */ = {isa = PBXBuildFile; fileRef = 5616EC605A60484F8590D026 /* countries_map.json */; };
/* End PBXBuildFile section */

/* Begin PBXFileReference section */
		CFF4CEF0DECD442585CC0813 /* WorldApp.app */ = {isa = PBXFileReference; explicitFileType = wrapper.application; includeInIndex = 0; path = WorldApp.app; sourceTree = BUILT_PRODUCTS_DIR; };
		BD44D07AE859487590186EE3 /* AppDelegate.swift */ = {isa = PBXFileReference; lastKnownFileType = sourcecode.swift; path = WorldApp/AppDelegate.swift; sourceTree = "<group>"; };
		4125C7457A1349F1989895BA /* AppConfig.swift */ = {isa = PBXFileReference; lastKnownFileType = sourcecode.swift; path = WorldApp/Config/AppConfig.swift; sourceTree = "<group>"; };
		1C7F3630D1D34E11BAA6F43D /* Models.swift */ = {isa = PBXFileReference; lastKnownFileType = sourcecode.swift; path = WorldApp/Models/Models.swift; sourceTree = "<group>"; };
		0A615F8F5C134968BAEF13F3 /* AdsService.swift */ = {isa = PBXFileReference; lastKnownFileType = sourcecode.swift; path = WorldApp/Services/AdsService.swift; sourceTree = "<group>"; };
		9A23B00B6E8247ED8EB2782E /* AppleMusicNowPlayingService.swift */ = {isa = PBXFileReference; lastKnownFileType = sourcecode.swift; path = WorldApp/Services/AppleMusicNowPlayingService.swift; sourceTree = "<group>"; };
		F6E5FB289B5E467BB8BCF83F /* AuthService.swift */ = {isa = PBXFileReference; lastKnownFileType = sourcecode.swift; path = WorldApp/Services/AuthService.swift; sourceTree = "<group>"; };
		21182A1722AD4659A62B65B7 /* CallKitManager.swift */ = {isa = PBXFileReference; lastKnownFileType = sourcecode.swift; path = WorldApp/Services/CallKitManager.swift; sourceTree = "<group>"; };
		FC0F430E0A5A4C0BB75FFCD3 /* CallSessionManager.swift */ = {isa = PBXFileReference; lastKnownFileType = sourcecode.swift; path = WorldApp/Services/CallSessionManager.swift; sourceTree = "<group>"; };
		38315D4723E04151A82ED5A1 /* CallSignalingService.swift */ = {isa = PBXFileReference; lastKnownFileType = sourcecode.swift; path = WorldApp/Services/CallSignalingService.swift; sourceTree = "<group>"; };
		53586219F09B4F83946D1F1C /* CallSoundService.swift */ = {isa = PBXFileReference; lastKnownFileType = sourcecode.swift; path = WorldApp/Services/CallSoundService.swift; sourceTree = "<group>"; };
		C7DC8C0D447745DD91BB7D66 /* DemoDatasetService.swift */ = {isa = PBXFileReference; lastKnownFileType = sourcecode.swift; path = WorldApp/Services/DemoDatasetService.swift; sourceTree = "<group>"; };
		B0078456A7F34407871B9EB5 /* FollowService.swift */ = {isa = PBXFileReference; lastKnownFileType = sourcecode.swift; path = WorldApp/Services/FollowService.swift; sourceTree = "<group>"; };
		B905656017144E5E9F232BC0 /* GraphQLService.swift */ = {isa = PBXFileReference; lastKnownFileType = sourcecode.swift; path = WorldApp/Services/GraphQLService.swift; sourceTree = "<group>"; };
		D17F990D92334AA59184E0FC /* GraphQLTypes.swift */ = {isa = PBXFileReference; lastKnownFileType = sourcecode.swift; path = WorldApp/Services/GraphQLTypes.swift; sourceTree = "<group>"; };
		4FF03A86801B44AA89291D10 /* ImageCache.swift */ = {isa = PBXFileReference; lastKnownFileType = sourcecode.swift; path = WorldApp/Services/ImageCache.swift; sourceTree = "<group>"; };
		1ADFD73C67C3480BAFB05FAB /* JSONCoding.swift */ = {isa = PBXFileReference; lastKnownFileType = sourcecode.swift; path = WorldApp/Services/JSONCoding.swift; sourceTree = "<group>"; };
		7DE6F9F4DC1A47748E456EA7 /* LocationService.swift */ = {isa = PBXFileReference; lastKnownFileType = sourcecode.swift; path = WorldApp/Services/LocationService.swift; sourceTree = "<group>"; };
		ED898FAA633E4130826B82B6 /* MediaService.swift */ = {isa = PBXFileReference; lastKnownFileType = sourcecode.swift; path = WorldApp/Services/MediaService.swift; sourceTree = "<group>"; };
		5D2FE7F814434A49814144B9 /* MediaURLResolver.swift */ = {isa = PBXFileReference; lastKnownFileType = sourcecode.swift; path = WorldApp/Services/MediaURLResolver.swift; sourceTree = "<group>"; };
		5ABD70742F3F4ADF83A208BC /* MessagesService.swift */ = {isa = PBXFileReference; lastKnownFileType = sourcecode.swift; path = WorldApp/Services/MessagesService.swift; sourceTree = "<group>"; };
		579A745C559649109D2BAC00 /* NewsService.swift */ = {isa = PBXFileReference; lastKnownFileType = sourcecode.swift; path = WorldApp/Services/NewsService.swift; sourceTree = "<group>"; };
		4FC0191D336F4FEF81BA0FEA /* NotificationNames.swift */ = {isa = PBXFileReference; lastKnownFileType = sourcecode.swift; path = WorldApp/Services/NotificationNames.swift; sourceTree = "<group>"; };
		A512D5A6B3304EFCB65CEFE4 /* NotificationsService.swift */ = {isa = PBXFileReference; lastKnownFileType = sourcecode.swift; path = WorldApp/Services/NotificationsService.swift; sourceTree = "<group>"; };
		C4F4B802FA92435CA4997DDD /* PostsService.swift */ = {isa = PBXFileReference; lastKnownFileType = sourcecode.swift; path = WorldApp/Services/PostsService.swift; sourceTree = "<group>"; };
		313DF4B9B2DA4FC58A9C6FC5 /* PresenceService.swift */ = {isa = PBXFileReference; lastKnownFileType = sourcecode.swift; path = WorldApp/Services/PresenceService.swift; sourceTree = "<group>"; };
		45FB13A1DEDB453EB13C0160 /* ProfileService.swift */ = {isa = PBXFileReference; lastKnownFileType = sourcecode.swift; path = WorldApp/Services/ProfileService.swift; sourceTree = "<group>"; };
		B342B14992BE419F858FCD32 /* PushNotificationService.swift */ = {isa = PBXFileReference; lastKnownFileType = sourcecode.swift; path = WorldApp/Services/PushNotificationService.swift; sourceTree = "<group>"; };
		E9C77C07C400414EA4DD4432 /* ReelsRankingEngine.swift */ = {isa = PBXFileReference; lastKnownFileType = sourcecode.swift; path = WorldApp/Services/ReelsRankingEngine.swift; sourceTree = "<group>"; };
		910E7B3B8BE247009F999A7D /* StreamingHubService.swift */ = {isa = PBXFileReference; lastKnownFileType = sourcecode.swift; path = WorldApp/Services/StreamingHubService.swift; sourceTree = "<group>"; };
		8B3A7C16EE8A45C09162FA87 /* VideoCompressionService.swift */ = {isa = PBXFileReference; lastKnownFileType = sourcecode.swift; path = WorldApp/Services/VideoCompressionService.swift; sourceTree = "<group>"; };
		88620D35358A472F8C25599E /* VoIPPushService.swift */ = {isa = PBXFileReference; lastKnownFileType = sourcecode.swift; path = WorldApp/Services/VoIPPushService.swift; sourceTree = "<group>"; };
		05B62D940071431F90F253B5 /* ContentSanitizer.swift */ = {isa = PBXFileReference; lastKnownFileType = sourcecode.swift; path = WorldApp/Theme/ContentSanitizer.swift; sourceTree = "<group>"; };
		11963A860463484FA9B8C88D /* FacebookMediaLayout.swift */ = {isa = PBXFileReference; lastKnownFileType = sourcecode.swift; path = WorldApp/Theme/FacebookMediaLayout.swift; sourceTree = "<group>"; };
		B8F5CD8FFC324D2092CA545E /* Theme.swift */ = {isa = PBXFileReference; lastKnownFileType = sourcecode.swift; path = WorldApp/Theme/Theme.swift; sourceTree = "<group>"; };
		D365BE3313484768A375B086 /* AppState.swift */ = {isa = PBXFileReference; lastKnownFileType = sourcecode.swift; path = WorldApp/ViewModels/AppState.swift; sourceTree = "<group>"; };
		9B38A8184A7043E593378985 /* AdPrerollView.swift */ = {isa = PBXFileReference; lastKnownFileType = sourcecode.swift; path = WorldApp/Views/Ads/AdPrerollView.swift; sourceTree = "<group>"; };
		2A40A86A54C347A5898E0A18 /* AdsView.swift */ = {isa = PBXFileReference; lastKnownFileType = sourcecode.swift; path = WorldApp/Views/Ads/AdsView.swift; sourceTree = "<group>"; };
		92DB630B6E8E46C48C34D597 /* AuthView.swift */ = {isa = PBXFileReference; lastKnownFileType = sourcecode.swift; path = WorldApp/Views/AuthView.swift; sourceTree = "<group>"; };
		BB7166B46A08467FA71299AC /* AppMenuView.swift */ = {isa = PBXFileReference; lastKnownFileType = sourcecode.swift; path = WorldApp/Views/Components/AppMenuView.swift; sourceTree = "<group>"; };
		4992EBAEC66E4C1C9DE27C38 /* BottomTabBar.swift */ = {isa = PBXFileReference; lastKnownFileType = sourcecode.swift; path = WorldApp/Views/Components/BottomTabBar.swift; sourceTree = "<group>"; };
		B6D0409A46B64721949313F9 /* CreateMenuSheet.swift */ = {isa = PBXFileReference; lastKnownFileType = sourcecode.swift; path = WorldApp/Views/Components/CreateMenuSheet.swift; sourceTree = "<group>"; };
		E487B0B865D9433E9456DE7D /* FacebookPostCard.swift */ = {isa = PBXFileReference; lastKnownFileType = sourcecode.swift; path = WorldApp/Views/Components/FacebookPostCard.swift; sourceTree = "<group>"; };
		32CDFE5A299C4943B7AA309E /* FloatingPostsOverlay.swift */ = {isa = PBXFileReference; lastKnownFileType = sourcecode.swift; path = WorldApp/Views/Components/FloatingPostsOverlay.swift; sourceTree = "<group>"; };
		D98AF9DED12246A297184CC9 /* HandDrawnStyle.swift */ = {isa = PBXFileReference; lastKnownFileType = sourcecode.swift; path = WorldApp/Views/Components/HandDrawnStyle.swift; sourceTree = "<group>"; };
		D930A9D8B12C4AB6963F1AC3 /* MatteryaTopBar.swift */ = {isa = PBXFileReference; lastKnownFileType = sourcecode.swift; path = WorldApp/Views/Components/MatteryaTopBar.swift; sourceTree = "<group>"; };
		522E4491428A4BCB8BE0A95E /* PostCardView.swift */ = {isa = PBXFileReference; lastKnownFileType = sourcecode.swift; path = WorldApp/Views/Components/PostCardView.swift; sourceTree = "<group>"; };
		00A26D14F43841B3B6EED0D3 /* PostCommentsView.swift */ = {isa = PBXFileReference; lastKnownFileType = sourcecode.swift; path = WorldApp/Views/Components/PostCommentsView.swift; sourceTree = "<group>"; };
		3D7BF79E1F924DDA868418DF /* PostComposerView.swift */ = {isa = PBXFileReference; lastKnownFileType = sourcecode.swift; path = WorldApp/Views/Components/PostComposerView.swift; sourceTree = "<group>"; };
		60094BA8234A41E1960E4F6E /* ReelComposerView.swift */ = {isa = PBXFileReference; lastKnownFileType = sourcecode.swift; path = WorldApp/Views/Components/ReelComposerView.swift; sourceTree = "<group>"; };
		3D8A27B66C5B4850A36AF73C /* StoriesStripView.swift */ = {isa = PBXFileReference; lastKnownFileType = sourcecode.swift; path = WorldApp/Views/Components/StoriesStripView.swift; sourceTree = "<group>"; };
		6C0F0F22EF74402EA9F46657 /* StoriesViewerView.swift */ = {isa = PBXFileReference; lastKnownFileType = sourcecode.swift; path = WorldApp/Views/Components/StoriesViewerView.swift; sourceTree = "<group>"; };
		666D3E023717492AB8847ECA /* StoryComposerView.swift */ = {isa = PBXFileReference; lastKnownFileType = sourcecode.swift; path = WorldApp/Views/Components/StoryComposerView.swift; sourceTree = "<group>"; };
		F17938232A104C1EA4CB2815 /* UnreadBadge.swift */ = {isa = PBXFileReference; lastKnownFileType = sourcecode.swift; path = WorldApp/Views/Components/UnreadBadge.swift; sourceTree = "<group>"; };
		3C7263455EC140A0BE6E39F9 /* VideoPlayerView.swift */ = {isa = PBXFileReference; lastKnownFileType = sourcecode.swift; path = WorldApp/Views/Components/VideoPlayerView.swift; sourceTree = "<group>"; };
		C799F0BB2424471F907502AB /* ConnectedHubModels.swift */ = {isa = PBXFileReference; lastKnownFileType = sourcecode.swift; path = WorldApp/Views/Connected/ConnectedHubModels.swift; sourceTree = "<group>"; };
		2FEB8C86B2A14AA2BEA469BB /* ConnectedHubView.swift */ = {isa = PBXFileReference; lastKnownFileType = sourcecode.swift; path = WorldApp/Views/Connected/ConnectedHubView.swift; sourceTree = "<group>"; };
		34847576FB9745FD99AE6369 /* LivePlaybackCard.swift */ = {isa = PBXFileReference; lastKnownFileType = sourcecode.swift; path = WorldApp/Views/Connected/LivePlaybackCard.swift; sourceTree = "<group>"; };
		7922A3DE9BCD4C0388698F1C /* LivePlaybackModels.swift */ = {isa = PBXFileReference; lastKnownFileType = sourcecode.swift; path = WorldApp/Views/Connected/LivePlaybackModels.swift; sourceTree = "<group>"; };
		739D0C9394A548859CB94F1F /* MomentRoomSheet.swift */ = {isa = PBXFileReference; lastKnownFileType = sourcecode.swift; path = WorldApp/Views/Connected/MomentRoomSheet.swift; sourceTree = "<group>"; };
		65D59FFA37BC4E8CB15DC924 /* UpdateNowPlayingSheet.swift */ = {isa = PBXFileReference; lastKnownFileType = sourcecode.swift; path = WorldApp/Views/Connected/UpdateNowPlayingSheet.swift; sourceTree = "<group>"; };
		FEFBB8B44A3C4E3C90DD25BF /* FeedView.swift */ = {isa = PBXFileReference; lastKnownFileType = sourcecode.swift; path = WorldApp/Views/Feed/FeedView.swift; sourceTree = "<group>"; };
		8D94A23E4B27438BBAC5030F /* AppleMapGlobeView.swift */ = {isa = PBXFileReference; lastKnownFileType = sourcecode.swift; path = WorldApp/Views/Globe/AppleMapGlobeView.swift; sourceTree = "<group>"; };
		89CCF205CE144386AB66C604 /* CartoonGlobeTexture.swift */ = {isa = PBXFileReference; lastKnownFileType = sourcecode.swift; path = WorldApp/Views/Globe/CartoonGlobeTexture.swift; sourceTree = "<group>"; };
		4A5A3710DAB4469593C47189 /* CountryFeedView.swift */ = {isa = PBXFileReference; lastKnownFileType = sourcecode.swift; path = WorldApp/Views/Globe/CountryFeedView.swift; sourceTree = "<group>"; };
		C9A8A2F9496549EA9CB7C384 /* CountryMapData.swift */ = {isa = PBXFileReference; lastKnownFileType = sourcecode.swift; path = WorldApp/Views/Globe/CountryMapData.swift; sourceTree = "<group>"; };
		E03AF90D5EB148C4A9B74A6A /* CustomGlobeBuilder.swift */ = {isa = PBXFileReference; lastKnownFileType = sourcecode.swift; path = WorldApp/Views/Globe/CustomGlobeBuilder.swift; sourceTree = "<group>"; };
		F48E8CBAD2344FD98966EAED /* GlobeCountryLabels.swift */ = {isa = PBXFileReference; lastKnownFileType = sourcecode.swift; path = WorldApp/Views/Globe/GlobeCountryLabels.swift; sourceTree = "<group>"; };
		A3B07B27AA364406AC60103B /* GlobeMeshBuilder.swift */ = {isa = PBXFileReference; lastKnownFileType = sourcecode.swift; path = WorldApp/Views/Globe/GlobeMeshBuilder.swift; sourceTree = "<group>"; };
		95B038D585314A6BACAE60F0 /* GlobeView.swift */ = {isa = PBXFileReference; lastKnownFileType = sourcecode.swift; path = WorldApp/Views/Globe/GlobeView.swift; sourceTree = "<group>"; };
		910FE350B67C4A9FA7F5BDE6 /* HandDrawnGlobeScene.swift */ = {isa = PBXFileReference; lastKnownFileType = sourcecode.swift; path = WorldApp/Views/Globe/HandDrawnGlobeScene.swift; sourceTree = "<group>"; };
		2492DC2845AF4BCC830973EE /* HandDrawnGlobeView.swift */ = {isa = PBXFileReference; lastKnownFileType = sourcecode.swift; path = WorldApp/Views/Globe/HandDrawnGlobeView.swift; sourceTree = "<group>"; };
		66C22CF5A9714C54872A23C9 /* NotificationsPanelView.swift */ = {isa = PBXFileReference; lastKnownFileType = sourcecode.swift; path = WorldApp/Views/Globe/NotificationsPanelView.swift; sourceTree = "<group>"; };
		3EEE7166B9E94CA1AFBF5178 /* PhotorealGlobeBuilder.swift */ = {isa = PBXFileReference; lastKnownFileType = sourcecode.swift; path = WorldApp/Views/Globe/PhotorealGlobeBuilder.swift; sourceTree = "<group>"; };
		C04CC516F7D649A48A8DEF6C /* PhotorealGlobeScene.swift */ = {isa = PBXFileReference; lastKnownFileType = sourcecode.swift; path = WorldApp/Views/Globe/PhotorealGlobeScene.swift; sourceTree = "<group>"; };
		3925C65FA33F4DFEB557C4CC /* PhotorealGlobeTextures.swift */ = {isa = PBXFileReference; lastKnownFileType = sourcecode.swift; path = WorldApp/Views/Globe/PhotorealGlobeTextures.swift; sourceTree = "<group>"; };
		E57ED7F336A24084B8486289 /* PhotorealGlobeView.swift */ = {isa = PBXFileReference; lastKnownFileType = sourcecode.swift; path = WorldApp/Views/Globe/PhotorealGlobeView.swift; sourceTree = "<group>"; };
		6D89321A1CE34857B574576B /* PresencePanelView.swift */ = {isa = PBXFileReference; lastKnownFileType = sourcecode.swift; path = WorldApp/Views/Globe/PresencePanelView.swift; sourceTree = "<group>"; };
		9D16035C55844B3397F0CE03 /* StarfieldGenerator.swift */ = {isa = PBXFileReference; lastKnownFileType = sourcecode.swift; path = WorldApp/Views/Globe/StarfieldGenerator.swift; sourceTree = "<group>"; };
		F3B977ED1BB944718A48B447 /* LivingView.swift */ = {isa = PBXFileReference; lastKnownFileType = sourcecode.swift; path = WorldApp/Views/Living/LivingView.swift; sourceTree = "<group>"; };
		A63BFE37586B4EA2BB1D4E91 /* MainTabView.swift */ = {isa = PBXFileReference; lastKnownFileType = sourcecode.swift; path = WorldApp/Views/MainTabView.swift; sourceTree = "<group>"; };
		B6C9830D69EE49068E33F4EB /* CallOverlayView.swift */ = {isa = PBXFileReference; lastKnownFileType = sourcecode.swift; path = WorldApp/Views/Messages/CallOverlayView.swift; sourceTree = "<group>"; };
		479B0245C95349C4AB0179DD /* ConversationView.swift */ = {isa = PBXFileReference; lastKnownFileType = sourcecode.swift; path = WorldApp/Views/Messages/ConversationView.swift; sourceTree = "<group>"; };
		83DE086A5F3A4B1BBC02BA49 /* MessagesView.swift */ = {isa = PBXFileReference; lastKnownFileType = sourcecode.swift; path = WorldApp/Views/Messages/MessagesView.swift; sourceTree = "<group>"; };
		684EB96C1A5C4564AC614723 /* NewsDetailView.swift */ = {isa = PBXFileReference; lastKnownFileType = sourcecode.swift; path = WorldApp/Views/News/NewsDetailView.swift; sourceTree = "<group>"; };
		FF87CF06A86D4D2593259C31 /* PeopleView.swift */ = {isa = PBXFileReference; lastKnownFileType = sourcecode.swift; path = WorldApp/Views/People/PeopleView.swift; sourceTree = "<group>"; };
		E3A6E9B766DC4FAD8A58ED7C /* PostDetailView.swift */ = {isa = PBXFileReference; lastKnownFileType = sourcecode.swift; path = WorldApp/Views/Post/PostDetailView.swift; sourceTree = "<group>"; };
		B5A6AD289190406FB4E67030 /* EditProfileView.swift */ = {isa = PBXFileReference; lastKnownFileType = sourcecode.swift; path = WorldApp/Views/Profile/EditProfileView.swift; sourceTree = "<group>"; };
		7487B0B73B3E4F4CB1D876B1 /* ProfilePostCard.swift */ = {isa = PBXFileReference; lastKnownFileType = sourcecode.swift; path = WorldApp/Views/Profile/ProfilePostCard.swift; sourceTree = "<group>"; };
		74AB3640DE1B424E8BDCAD41 /* ProfileSetupView.swift */ = {isa = PBXFileReference; lastKnownFileType = sourcecode.swift; path = WorldApp/Views/Profile/ProfileSetupView.swift; sourceTree = "<group>"; };
		41556F97D4934DF7873CB209 /* ProfileView.swift */ = {isa = PBXFileReference; lastKnownFileType = sourcecode.swift; path = WorldApp/Views/Profile/ProfileView.swift; sourceTree = "<group>"; };
		AAA9F75349B3465996E89EE4 /* PublicProfileView.swift */ = {isa = PBXFileReference; lastKnownFileType = sourcecode.swift; path = WorldApp/Views/Profile/PublicProfileView.swift; sourceTree = "<group>"; };
		E172A6429E974558A2A9AC3E /* ReelsTabView.swift */ = {isa = PBXFileReference; lastKnownFileType = sourcecode.swift; path = WorldApp/Views/Reels/ReelsTabView.swift; sourceTree = "<group>"; };
		BC7EBE453E504AC190D8AA85 /* ReelsView.swift */ = {isa = PBXFileReference; lastKnownFileType = sourcecode.swift; path = WorldApp/Views/Reels/ReelsView.swift; sourceTree = "<group>"; };
		598B581C42224249892352FF /* RootView.swift */ = {isa = PBXFileReference; lastKnownFileType = sourcecode.swift; path = WorldApp/Views/RootView.swift; sourceTree = "<group>"; };
		1A078EB9B9E64607A49814F4 /* SearchView.swift */ = {isa = PBXFileReference; lastKnownFileType = sourcecode.swift; path = WorldApp/Views/Search/SearchView.swift; sourceTree = "<group>"; };
		81340A6BDCEA468C963CC71D /* SettingsView.swift */ = {isa = PBXFileReference; lastKnownFileType = sourcecode.swift; path = WorldApp/Views/Settings/SettingsView.swift; sourceTree = "<group>"; };
		70F98DD828694A7E9F526575 /* WorldAppApp.swift */ = {isa = PBXFileReference; lastKnownFileType = sourcecode.swift; path = WorldApp/WorldAppApp.swift; sourceTree = "<group>"; };
		F290C94F7832438F8B55C42C /* earth_clouds.jpg */ = {isa = PBXFileReference; lastKnownFileType = image.jpeg; path = WorldApp/Resources/GlobeTextures/earth_clouds.jpg; sourceTree = "<group>"; };
		B5746C1131664C63AC5B6C58 /* earth_clouds.png */ = {isa = PBXFileReference; lastKnownFileType = image.png; path = WorldApp/Resources/GlobeTextures/earth_clouds.png; sourceTree = "<group>"; };
		2462962AA2CD461BA766F591 /* earth_daymap.jpg */ = {isa = PBXFileReference; lastKnownFileType = image.jpeg; path = WorldApp/Resources/GlobeTextures/earth_daymap.jpg; sourceTree = "<group>"; };
		3CF5F343452A4673B8F7E319 /* earth_daymap.png */ = {isa = PBXFileReference; lastKnownFileType = image.png; path = WorldApp/Resources/GlobeTextures/earth_daymap.png; sourceTree = "<group>"; };
		0DCD3B4602E349F0A9C5C43C /* stars.jpg */ = {isa = PBXFileReference; lastKnownFileType = image.jpeg; path = WorldApp/Resources/GlobeTextures/stars.jpg; sourceTree = "<group>"; };
		459A7132722A4E4489144762 /* stars.png */ = {isa = PBXFileReference; lastKnownFileType = image.png; path = WorldApp/Resources/GlobeTextures/stars.png; sourceTree = "<group>"; };
		5CDF93E0D1AE4EF9B31C048A /* MatteryaCall.caf */ = {isa = PBXFileReference; lastKnownFileType = text.json; path = WorldApp/Resources/MatteryaCall.caf; sourceTree = "<group>"; };
		5616EC605A60484F8590D026 /* countries_map.json */ = {isa = PBXFileReference; lastKnownFileType = text.json; path = WorldApp/Resources/countries_map.json; sourceTree = "<group>"; };
		510B5718EABB41279DD39AD1 /* Assets.xcassets */ = {isa = PBXFileReference; lastKnownFileType = folder.assetcatalog; path = WorldApp/Assets.xcassets; sourceTree = "<group>"; };
		1215045580C841F29AAE3A6D /* Debug.entitlements */ = {isa = PBXFileReference; lastKnownFileType = text.plist.entitlements; path = WorldApp/Debug.entitlements; sourceTree = "<group>"; };
		3AB7B35E395846948D5B2ED9 /* Release.entitlements */ = {isa = PBXFileReference; lastKnownFileType = text.plist.entitlements; path = WorldApp/Release.entitlements; sourceTree = "<group>"; };
		31D78AC49888491896350D22 /* MusicKit.framework */ = {isa = PBXFileReference; lastKnownFileType = wrapper.framework; name = MusicKit.framework; path = System/Library/Frameworks/MusicKit.framework; sourceTree = SDKROOT; };
/* End PBXFileReference section */

/* Begin PBXFrameworksBuildPhase section */
		C3E9FEF9062A42F59EBB53B1 /* Frameworks */ = {
			isa = PBXFrameworksBuildPhase;
			buildActionMask = 2147483647;
			files = (
				C5EF7D3E432C4335BEDDC1DF /* MusicKit.framework in Frameworks */,
			);
			runOnlyForDeploymentPostprocessing = 0;
		};
/* End PBXFrameworksBuildPhase section */

/* Begin PBXGroup section */
		4115B499F6A7490E94CA427D /* WorldApp */ = {isa = PBXGroup; children = (BD44D07AE859487590186EE3 /* AppDelegate.swift */, 4125C7457A1349F1989895BA /* AppConfig.swift */, 1C7F3630D1D34E11BAA6F43D /* Models.swift */, 0A615F8F5C134968BAEF13F3 /* AdsService.swift */, 9A23B00B6E8247ED8EB2782E /* AppleMusicNowPlayingService.swift */, F6E5FB289B5E467BB8BCF83F /* AuthService.swift */, 21182A1722AD4659A62B65B7 /* CallKitManager.swift */, FC0F430E0A5A4C0BB75FFCD3 /* CallSessionManager.swift */, 38315D4723E04151A82ED5A1 /* CallSignalingService.swift */, 53586219F09B4F83946D1F1C /* CallSoundService.swift */, C7DC8C0D447745DD91BB7D66 /* DemoDatasetService.swift */, B0078456A7F34407871B9EB5 /* FollowService.swift */, B905656017144E5E9F232BC0 /* GraphQLService.swift */, D17F990D92334AA59184E0FC /* GraphQLTypes.swift */, 4FF03A86801B44AA89291D10 /* ImageCache.swift */, 1ADFD73C67C3480BAFB05FAB /* JSONCoding.swift */, 7DE6F9F4DC1A47748E456EA7 /* LocationService.swift */, ED898FAA633E4130826B82B6 /* MediaService.swift */, 5D2FE7F814434A49814144B9 /* MediaURLResolver.swift */, 5ABD70742F3F4ADF83A208BC /* MessagesService.swift */, 579A745C559649109D2BAC00 /* NewsService.swift */, 4FC0191D336F4FEF81BA0FEA /* NotificationNames.swift */, A512D5A6B3304EFCB65CEFE4 /* NotificationsService.swift */, C4F4B802FA92435CA4997DDD /* PostsService.swift */, 313DF4B9B2DA4FC58A9C6FC5 /* PresenceService.swift */, 45FB13A1DEDB453EB13C0160 /* ProfileService.swift */, B342B14992BE419F858FCD32 /* PushNotificationService.swift */, E9C77C07C400414EA4DD4432 /* ReelsRankingEngine.swift */, 910E7B3B8BE247009F999A7D /* StreamingHubService.swift */, 8B3A7C16EE8A45C09162FA87 /* VideoCompressionService.swift */, 88620D35358A472F8C25599E /* VoIPPushService.swift */, 05B62D940071431F90F253B5 /* ContentSanitizer.swift */, 11963A860463484FA9B8C88D /* FacebookMediaLayout.swift */, B8F5CD8FFC324D2092CA545E /* Theme.swift */, D365BE3313484768A375B086 /* AppState.swift */, 9B38A8184A7043E593378985 /* AdPrerollView.swift */, 2A40A86A54C347A5898E0A18 /* AdsView.swift */, 92DB630B6E8E46C48C34D597 /* AuthView.swift */, BB7166B46A08467FA71299AC /* AppMenuView.swift */, 4992EBAEC66E4C1C9DE27C38 /* BottomTabBar.swift */, B6D0409A46B64721949313F9 /* CreateMenuSheet.swift */, E487B0B865D9433E9456DE7D /* FacebookPostCard.swift */, 32CDFE5A299C4943B7AA309E /* FloatingPostsOverlay.swift */, D98AF9DED12246A297184CC9 /* HandDrawnStyle.swift */, D930A9D8B12C4AB6963F1AC3 /* MatteryaTopBar.swift */, 522E4491428A4BCB8BE0A95E /* PostCardView.swift */, 00A26D14F43841B3B6EED0D3 /* PostCommentsView.swift */, 3D7BF79E1F924DDA868418DF /* PostComposerView.swift */, 60094BA8234A41E1960E4F6E /* ReelComposerView.swift */, 3D8A27B66C5B4850A36AF73C /* StoriesStripView.swift */, 6C0F0F22EF74402EA9F46657 /* StoriesViewerView.swift */, 666D3E023717492AB8847ECA /* StoryComposerView.swift */, F17938232A104C1EA4CB2815 /* UnreadBadge.swift */, 3C7263455EC140A0BE6E39F9 /* VideoPlayerView.swift */, C799F0BB2424471F907502AB /* ConnectedHubModels.swift */, 2FEB8C86B2A14AA2BEA469BB /* ConnectedHubView.swift */, 34847576FB9745FD99AE6369 /* LivePlaybackCard.swift */, 7922A3DE9BCD4C0388698F1C /* LivePlaybackModels.swift */, 739D0C9394A548859CB94F1F /* MomentRoomSheet.swift */, 65D59FFA37BC4E8CB15DC924 /* UpdateNowPlayingSheet.swift */, FEFBB8B44A3C4E3C90DD25BF /* FeedView.swift */, 8D94A23E4B27438BBAC5030F /* AppleMapGlobeView.swift */, 89CCF205CE144386AB66C604 /* CartoonGlobeTexture.swift */, 4A5A3710DAB4469593C47189 /* CountryFeedView.swift */, C9A8A2F9496549EA9CB7C384 /* CountryMapData.swift */, E03AF90D5EB148C4A9B74A6A /* CustomGlobeBuilder.swift */, F48E8CBAD2344FD98966EAED /* GlobeCountryLabels.swift */, A3B07B27AA364406AC60103B /* GlobeMeshBuilder.swift */, 95B038D585314A6BACAE60F0 /* GlobeView.swift */, 910FE350B67C4A9FA7F5BDE6 /* HandDrawnGlobeScene.swift */, 2492DC2845AF4BCC830973EE /* HandDrawnGlobeView.swift */, 66C22CF5A9714C54872A23C9 /* NotificationsPanelView.swift */, 3EEE7166B9E94CA1AFBF5178 /* PhotorealGlobeBuilder.swift */, C04CC516F7D649A48A8DEF6C /* PhotorealGlobeScene.swift */, 3925C65FA33F4DFEB557C4CC /* PhotorealGlobeTextures.swift */, E57ED7F336A24084B8486289 /* PhotorealGlobeView.swift */, 6D89321A1CE34857B574576B /* PresencePanelView.swift */, 9D16035C55844B3397F0CE03 /* StarfieldGenerator.swift */, F3B977ED1BB944718A48B447 /* LivingView.swift */, A63BFE37586B4EA2BB1D4E91 /* MainTabView.swift */, B6C9830D69EE49068E33F4EB /* CallOverlayView.swift */, 479B0245C95349C4AB0179DD /* ConversationView.swift */, 83DE086A5F3A4B1BBC02BA49 /* MessagesView.swift */, 684EB96C1A5C4564AC614723 /* NewsDetailView.swift */, FF87CF06A86D4D2593259C31 /* PeopleView.swift */, E3A6E9B766DC4FAD8A58ED7C /* PostDetailView.swift */, B5A6AD289190406FB4E67030 /* EditProfileView.swift */, 7487B0B73B3E4F4CB1D876B1 /* ProfilePostCard.swift */, 74AB3640DE1B424E8BDCAD41 /* ProfileSetupView.swift */, 41556F97D4934DF7873CB209 /* ProfileView.swift */, AAA9F75349B3465996E89EE4 /* PublicProfileView.swift */, E172A6429E974558A2A9AC3E /* ReelsTabView.swift */, BC7EBE453E504AC190D8AA85 /* ReelsView.swift */, 598B581C42224249892352FF /* RootView.swift */, 1A078EB9B9E64607A49814F4 /* SearchView.swift */, 81340A6BDCEA468C963CC71D /* SettingsView.swift */, 70F98DD828694A7E9F526575 /* WorldAppApp.swift */, F290C94F7832438F8B55C42C /* earth_clouds.jpg */, B5746C1131664C63AC5B6C58 /* earth_clouds.png */, 2462962AA2CD461BA766F591 /* earth_daymap.jpg */, 3CF5F343452A4673B8F7E319 /* earth_daymap.png */, 0DCD3B4602E349F0A9C5C43C /* stars.jpg */, 459A7132722A4E4489144762 /* stars.png */, 5CDF93E0D1AE4EF9B31C048A /* MatteryaCall.caf */, 5616EC605A60484F8590D026 /* countries_map.json */, 510B5718EABB41279DD39AD1 /* Assets.xcassets */, 1215045580C841F29AAE3A6D /* Debug.entitlements */, 3AB7B35E395846948D5B2ED9 /* Release.entitlements */); name = WorldApp; sourceTree = "<group>"; };
		D595A34D920F4A70BE318E13 /* Products */ = {isa = PBXGroup; children = (CFF4CEF0DECD442585CC0813 /* WorldApp.app */,); name = Products; sourceTree = "<group>"; };
		6323A240C0F840E08834CAD0 /* */ = {isa = PBXGroup; children = (4115B499F6A7490E94CA427D /* WorldApp */, D595A34D920F4A70BE318E13 /* Products */); sourceTree = "<group>"; };
/* End PBXGroup section */

/* Begin PBXNativeTarget section */
		9FF4875137184CDFA23F54A1 /* WorldApp */ = {
			isa = PBXNativeTarget;
			buildConfigurationList = 820171E63A65450E9C01B5DA /* Build configuration list for PBXNativeTarget "WorldApp" */;
			buildPhases = (
				E784FD2BAE724DFBA0FBD6FE /* Sources */,
				C3E9FEF9062A42F59EBB53B1 /* Frameworks */,
				CC15A4584E974763A4526408 /* Resources */,
			);
			buildRules = (
			);
			dependencies = (
			);
			packageProductDependencies = (
				C70C96FEC00346A090C634A2 /* LiveKit */,
			);
			name = WorldApp;
			productName = WorldApp;
			productReference = CFF4CEF0DECD442585CC0813 /* WorldApp.app */;
			productType = "com.apple.product-type.application";
		};
/* End PBXNativeTarget section */

/* Begin PBXProject section */
		B6B7ABFE70DD4541B50FBE46 /* Project object */ = {
			isa = PBXProject;
			attributes = {
				BuildIndependentTargetsInParallel = 1;
				LastSwiftUpdateCheck = 1630;
				LastUpgradeCheck = 1630;
				TargetAttributes = {
					9FF4875137184CDFA23F54A1 = {
						CreatedOnToolsVersion = 16.0;
					};
				};
			};
			buildConfigurationList = E6D7AD1AD60C4CEA97FB4A2A /* Build configuration list for PBXProject "WorldApp" */;
			compatibilityVersion = "Xcode 14.0";
			developmentRegion = en;
			hasScannedForEncodings = 0;
			knownRegions = (en, Base);
			mainGroup = 6323A240C0F840E08834CAD0;
			productRefGroup = D595A34D920F4A70BE318E13 /* Products */;
			projectDirPath = "";
			projectRoot = "";
			packageReferences = (
				9EDC79491E7540868365FD20 /* XCRemoteSwiftPackageReference "client-sdk-swift" */,
			);
			targets = (
				9FF4875137184CDFA23F54A1 /* WorldApp */,
			);
		};
/* End PBXProject section */

/* Begin PBXResourcesBuildPhase section */
		CC15A4584E974763A4526408 /* Resources */ = {
			isa = PBXResourcesBuildPhase;
			buildActionMask = 2147483647;
			files = (
				BF09FBDAA5DF439C84F2A0E8 /* Assets.xcassets in Resources */,
				9223EF41E8114B4EAAF3DF44 /* earth_clouds.jpg in Resources */,
				0F7010673D4F4F2092509ED5 /* earth_clouds.png in Resources */,
				994716FABC5740759C2967DE /* earth_daymap.jpg in Resources */,
				1A169136230947C4A1B92505 /* earth_daymap.png in Resources */,
				8CD92FCA8CC24B3E9BAFAB55 /* stars.jpg in Resources */,
				EC7E7584557B44BAA21C9684 /* stars.png in Resources */,
				2FB9A61C76C24202BC74B1CE /* MatteryaCall.caf in Resources */,
				8C12D47802CD42F991D50C9E /* countries_map.json in Resources */,
			);
			runOnlyForDeploymentPostprocessing = 0;
		};
/* End PBXResourcesBuildPhase section */

/* Begin PBXSourcesBuildPhase section */
		E784FD2BAE724DFBA0FBD6FE /* Sources */ = {
			isa = PBXSourcesBuildPhase;
			buildActionMask = 2147483647;
			files = (
				D8CBADF571244ABEA62016FD /* AppDelegate.swift in Sources */,
				C48988D619AB46709841DBFE /* AppConfig.swift in Sources */,
				FA55CD3F3313459CA8E8D5C1 /* Models.swift in Sources */,
				192ECA2449A340FD9255EF3A /* AdsService.swift in Sources */,
				DEABB0399D264012807F1478 /* AppleMusicNowPlayingService.swift in Sources */,
				B151E1B0FC324064BA8BB8CD /* AuthService.swift in Sources */,
				B8EB692BDAC04EFCAA3BB63B /* CallKitManager.swift in Sources */,
				88DD9E89AEB34660B0E52FDB /* CallSessionManager.swift in Sources */,
				5D1A882411184FF8A22CF6AE /* CallSignalingService.swift in Sources */,
				02F21263310148FAB544AD64 /* CallSoundService.swift in Sources */,
				F647E6464BBB44C1A4ED01C9 /* DemoDatasetService.swift in Sources */,
				9A62C358B6EC4D2F8A416D62 /* FollowService.swift in Sources */,
				0338881F0997477984B6F9DB /* GraphQLService.swift in Sources */,
				5D0E75C4E0B5494792B8D954 /* GraphQLTypes.swift in Sources */,
				95D3AB758977482DADACA4E9 /* ImageCache.swift in Sources */,
				2EF76697E6074EF3B314C0D6 /* JSONCoding.swift in Sources */,
				380DD0093C2D419A97A557AD /* LocationService.swift in Sources */,
				7FB3D4FD374F457D9B6C94B6 /* MediaService.swift in Sources */,
				394A84401A51472BBCD9DE63 /* MediaURLResolver.swift in Sources */,
				7524FC74E0D14C63A84CBFB1 /* MessagesService.swift in Sources */,
				777B3810EB3E4DC89FDDC58E /* NewsService.swift in Sources */,
				97E6646B7FF94B35A9BB1575 /* NotificationNames.swift in Sources */,
				762FEA8988AF468DB88DD17C /* NotificationsService.swift in Sources */,
				FDFC9AD627FA4B4ABDD79FC2 /* PostsService.swift in Sources */,
				04E74FBA869E48D684F49330 /* PresenceService.swift in Sources */,
				C39C4E19E4F0479C9BF0761E /* ProfileService.swift in Sources */,
				D4BF0B5332A64BC797C197E4 /* PushNotificationService.swift in Sources */,
				21118D18440E406EB8D5A94E /* ReelsRankingEngine.swift in Sources */,
				B47450490937451D81C229F0 /* StreamingHubService.swift in Sources */,
				2A3F2CD763774634A38842DC /* VideoCompressionService.swift in Sources */,
				04CF38B1C064472C87ADE3AF /* VoIPPushService.swift in Sources */,
				C5CEDC7960474951A6843EBA /* ContentSanitizer.swift in Sources */,
				D9F7026CEADB4B95A148F410 /* FacebookMediaLayout.swift in Sources */,
				D20B00F03CF7400DA8D112D2 /* Theme.swift in Sources */,
				A483FC4408FC475CA4CBA6D7 /* AppState.swift in Sources */,
				09D74593E7D8437DAF9DAEA6 /* AdPrerollView.swift in Sources */,
				7198AD49C341489CA06EDF86 /* AdsView.swift in Sources */,
				DE6402763D514C4A98558585 /* AuthView.swift in Sources */,
				455B2A690F6C48ADA53D78E7 /* AppMenuView.swift in Sources */,
				64D768A24EE042D5A8F6E115 /* BottomTabBar.swift in Sources */,
				03DE26F41F6040BFA1772690 /* CreateMenuSheet.swift in Sources */,
				EACA787E11CE4FC1AD9115EF /* FacebookPostCard.swift in Sources */,
				3C6E4736D84949B0B9255765 /* FloatingPostsOverlay.swift in Sources */,
				14F0FABE0E7246EDA7DE16E0 /* HandDrawnStyle.swift in Sources */,
				A4A2DF2063D04073A25284DC /* MatteryaTopBar.swift in Sources */,
				29385FF07A214865B465E2D5 /* PostCardView.swift in Sources */,
				4EAC47CDF4BC45DA898516D4 /* PostCommentsView.swift in Sources */,
				A9AA8A770D4B4083B16C2306 /* PostComposerView.swift in Sources */,
				E6C3B90FE594438FAEAF0CE4 /* ReelComposerView.swift in Sources */,
				AD2DB7A222AC4F76AD2A8F20 /* StoriesStripView.swift in Sources */,
				5C2D797EDA3D4B65A0BB1ED6 /* StoriesViewerView.swift in Sources */,
				775E5505482C444A8DF4B70D /* StoryComposerView.swift in Sources */,
				406DAF13CD1A4F7FAA15C0D6 /* UnreadBadge.swift in Sources */,
				CF37E06DF5194E20840216E3 /* VideoPlayerView.swift in Sources */,
				7D77F829393648188BA03C25 /* ConnectedHubModels.swift in Sources */,
				A8D137E753604687B5DB7F76 /* ConnectedHubView.swift in Sources */,
				CA3A4078A4D24BFEBE816A1C /* LivePlaybackCard.swift in Sources */,
				42BA56770C4F49F695048D1E /* LivePlaybackModels.swift in Sources */,
				D5BBB1DEB9AA4AE7BE3B9EF8 /* MomentRoomSheet.swift in Sources */,
				4EFE1EF254704EC0AB523B0A /* UpdateNowPlayingSheet.swift in Sources */,
				437BE961118D4DDE90C13FCB /* FeedView.swift in Sources */,
				17D8B9B90B0E423590C2CDF7 /* AppleMapGlobeView.swift in Sources */,
				E9367CBE7BCC4BECA96953FC /* CartoonGlobeTexture.swift in Sources */,
				978D4514107742F89C046F02 /* CountryFeedView.swift in Sources */,
				142384890B1E459D8460AE02 /* CountryMapData.swift in Sources */,
				E7FBBF653DCF4D0E9D210C87 /* CustomGlobeBuilder.swift in Sources */,
				08E69BEB68224276B66AF53C /* GlobeCountryLabels.swift in Sources */,
				C1C58545EE2A4692AF25FBE2 /* GlobeMeshBuilder.swift in Sources */,
				732D49977A784CA38F8518F7 /* GlobeView.swift in Sources */,
				BE3BAA8C237F4DC6A1B34264 /* HandDrawnGlobeScene.swift in Sources */,
				33F085872C78448D89A0FA6C /* HandDrawnGlobeView.swift in Sources */,
				F164C252E35B4DB8897E9C5E /* NotificationsPanelView.swift in Sources */,
				F58E00F5E2AD46B0AD83975D /* PhotorealGlobeBuilder.swift in Sources */,
				D545D6C1253A450E87CEE026 /* PhotorealGlobeScene.swift in Sources */,
				768EC8CA10CE4B86B0A998E9 /* PhotorealGlobeTextures.swift in Sources */,
				BF9CFAA44A32411BA534F167 /* PhotorealGlobeView.swift in Sources */,
				1F8421E147D04E6AAFBE408E /* PresencePanelView.swift in Sources */,
				EE886EECB0D5475AAAA4A0C8 /* StarfieldGenerator.swift in Sources */,
				B84B8845CB444ACF91B87008 /* LivingView.swift in Sources */,
				977925DFC7CA46D29E47C519 /* MainTabView.swift in Sources */,
				AC1E77B35B7A4CB4A253258D /* CallOverlayView.swift in Sources */,
				571015DC8CA745899139DA12 /* ConversationView.swift in Sources */,
				EAF4E61DD27843FB97DB7E42 /* MessagesView.swift in Sources */,
				57CF0548119840DDADEA7C0A /* NewsDetailView.swift in Sources */,
				CA917990C64B49A785D76DB3 /* PeopleView.swift in Sources */,
				0FBC2A19906A4C22A58D102C /* PostDetailView.swift in Sources */,
				75CCD9AC26C942D1AC9DD142 /* EditProfileView.swift in Sources */,
				B54F11F25AF14F65A672ACF4 /* ProfilePostCard.swift in Sources */,
				DC45C9BC5E15467E8FD36A04 /* ProfileSetupView.swift in Sources */,
				6F55C3FFB66F48FDAFAB1DE9 /* ProfileView.swift in Sources */,
				C88A6696974E467F8A160ACA /* PublicProfileView.swift in Sources */,
				D64AEC539CBA406EB3880934 /* ReelsTabView.swift in Sources */,
				51B63BF32B8241769AFBD8E9 /* ReelsView.swift in Sources */,
				80CA6F5FB0A04E788ED6A811 /* RootView.swift in Sources */,
				68FD16A4043143F6B2C5DB89 /* SearchView.swift in Sources */,
				B2F9DD90AA334A4EBC1FA0A8 /* SettingsView.swift in Sources */,
				CF82FBECBF7A46FDB4FD995C /* WorldAppApp.swift in Sources */,
			);
			runOnlyForDeploymentPostprocessing = 0;
		};
/* End PBXSourcesBuildPhase section */

/* Begin XCRemoteSwiftPackageReference section */
		9EDC79491E7540868365FD20 /* XCRemoteSwiftPackageReference "client-sdk-swift" */ = {
			isa = XCRemoteSwiftPackageReference;
			repositoryURL = "https://github.com/livekit/client-sdk-swift";
			requirement = {
				kind = upToNextMajorVersion;
				minimumVersion = 2.5.0;
			};
		};
/* End XCRemoteSwiftPackageReference section */

/* Begin XCSwiftPackageProductDependency section */
		C70C96FEC00346A090C634A2 /* LiveKit */ = {
			isa = XCSwiftPackageProductDependency;
			package = 9EDC79491E7540868365FD20 /* XCRemoteSwiftPackageReference "client-sdk-swift" */;
			productName = LiveKit;
		};
/* End XCSwiftPackageProductDependency section */

/* Begin XCBuildConfiguration section */
		11E68814B35E49B0B888ECBB /* Debug */ = {
			isa = XCBuildConfiguration;
			buildSettings = {
				ALWAYS_SEARCH_USER_PATHS = NO;
				CLANG_ENABLE_MODULES = YES;
				DEAD_CODE_STRIPPING = YES;
				ENABLE_USER_SCRIPT_SANDBOXING = YES;
				COPY_PHASE_STRIP = NO;
				DEBUG_INFORMATION_FORMAT = dwarf;
				ENABLE_TESTABILITY = YES;
				GCC_DYNAMIC_NO_PIC = NO;
				IPHONEOS_DEPLOYMENT_TARGET = 17.0;
				ONLY_ACTIVE_ARCH = YES;
				SDKROOT = iphoneos;
				SWIFT_ACTIVE_COMPILATION_CONDITIONS = "DEBUG $(inherited)";
			};
			name = Debug;
		};
		16A824E490264672A2025551 /* Release */ = {
			isa = XCBuildConfiguration;
			buildSettings = {
				ALWAYS_SEARCH_USER_PATHS = NO;
				CLANG_ENABLE_MODULES = YES;
				DEAD_CODE_STRIPPING = YES;
				ENABLE_USER_SCRIPT_SANDBOXING = YES;
				COPY_PHASE_STRIP = NO;
				DEBUG_INFORMATION_FORMAT = dwarf;
				ENABLE_TESTABILITY = YES;
				GCC_DYNAMIC_NO_PIC = NO;
				IPHONEOS_DEPLOYMENT_TARGET = 17.0;
				VALIDATE_PRODUCT = YES;
				SDKROOT = iphoneos;
				SWIFT_COMPILATION_MODE = wholemodule;
			};
			name = Release;
		};
		1073E4EF9C8D492E930D72CF /* Debug */ = {
			isa = XCBuildConfiguration;
			buildSettings = {
				ASSETCATALOG_COMPILER_APPICON_NAME = AppIcon;
				ASSETCATALOG_COMPILER_GLOBAL_ACCENT_COLOR_NAME = AccentColor;
				CODE_SIGN_STYLE = Automatic;
				CODE_SIGN_ENTITLEMENTS = WorldApp/Debug.entitlements;
				CURRENT_PROJECT_VERSION = 1;
				DEVELOPMENT_TEAM = XQ4HXZN6Y5;
				ENABLE_PREVIEWS = YES;
				GENERATE_INFOPLIST_FILE = YES;
				INFOPLIST_KEY_CFBundleDisplayName = Matterya;
				INFOPLIST_KEY_ITSAppUsesNonExemptEncryption = NO;
				INFOPLIST_KEY_NSLocationWhenInUseUsageDescription = "Matterya uses your location to set your country during profile setup.";
				INFOPLIST_KEY_NSCameraUsageDescription = "Matterya uses your camera for video calls and photos.";
				INFOPLIST_KEY_NSMicrophoneUsageDescription = "Matterya uses your microphone for voice and video calls.";
				INFOPLIST_KEY_NSAppleMusicUsageDescription = "Matterya reads what you're playing in Apple Music so you can share live listening status with friends.";
				INFOPLIST_KEY_UIBackgroundModes = "audio remote-notification voip";
				INFOPLIST_KEY_LSApplicationCategoryType = "public.app-category.social-networking";
				INFOPLIST_KEY_UIApplicationSceneManifest_Generation = YES;
				INFOPLIST_KEY_UIApplicationSupportsIndirectInputEvents = YES;
				INFOPLIST_KEY_UILaunchScreen_Generation = YES;
				INFOPLIST_KEY_UISupportedInterfaceOrientations = UIInterfaceOrientationPortrait;
				INFOPLIST_KEY_UISupportedInterfaceOrientations_iPad = "UIInterfaceOrientationLandscapeLeft UIInterfaceOrientationLandscapeRight UIInterfaceOrientationPortrait UIInterfaceOrientationPortraitUpsideDown";
				IPHONEOS_DEPLOYMENT_TARGET = 17.0;
				LD_RUNPATH_SEARCH_PATHS = (
					"$(inherited)",
					"@executable_path/Frameworks",
				);
				MARKETING_VERSION = 1.0;
				PRODUCT_BUNDLE_IDENTIFIER = com.matterya.worldapp;
				PRODUCT_NAME = "$(TARGET_NAME)";
				SDKROOT = iphoneos;
				SWIFT_EMIT_LOC_STRINGS = YES;
				SWIFT_VERSION = 5.0;
				TARGETED_DEVICE_FAMILY = "1,2";
				SWIFT_ACTIVE_COMPILATION_CONDITIONS = DEBUG;
			};
			name = Debug;
		};
		1F409B4363554A77993613D5 /* Release */ = {
			isa = XCBuildConfiguration;
			buildSettings = {
				ASSETCATALOG_COMPILER_APPICON_NAME = AppIcon;
				ASSETCATALOG_COMPILER_GLOBAL_ACCENT_COLOR_NAME = AccentColor;
				CODE_SIGN_STYLE = Automatic;
				CODE_SIGN_ENTITLEMENTS = WorldApp/Release.entitlements;
				CURRENT_PROJECT_VERSION = 1;
				DEVELOPMENT_TEAM = XQ4HXZN6Y5;
				ENABLE_PREVIEWS = YES;
				GENERATE_INFOPLIST_FILE = YES;
				INFOPLIST_KEY_CFBundleDisplayName = Matterya;
				INFOPLIST_KEY_ITSAppUsesNonExemptEncryption = NO;
				INFOPLIST_KEY_NSLocationWhenInUseUsageDescription = "Matterya uses your location to set your country during profile setup.";
				INFOPLIST_KEY_NSCameraUsageDescription = "Matterya uses your camera for video calls and photos.";
				INFOPLIST_KEY_NSMicrophoneUsageDescription = "Matterya uses your microphone for voice and video calls.";
				INFOPLIST_KEY_NSAppleMusicUsageDescription = "Matterya reads what you're playing in Apple Music so you can share live listening status with friends.";
				INFOPLIST_KEY_UIBackgroundModes = "audio remote-notification voip";
				INFOPLIST_KEY_LSApplicationCategoryType = "public.app-category.social-networking";
				INFOPLIST_KEY_UIApplicationSceneManifest_Generation = YES;
				INFOPLIST_KEY_UIApplicationSupportsIndirectInputEvents = YES;
				INFOPLIST_KEY_UILaunchScreen_Generation = YES;
				INFOPLIST_KEY_UISupportedInterfaceOrientations = UIInterfaceOrientationPortrait;
				INFOPLIST_KEY_UISupportedInterfaceOrientations_iPad = "UIInterfaceOrientationLandscapeLeft UIInterfaceOrientationLandscapeRight UIInterfaceOrientationPortrait UIInterfaceOrientationPortraitUpsideDown";
				IPHONEOS_DEPLOYMENT_TARGET = 17.0;
				LD_RUNPATH_SEARCH_PATHS = (
					"$(inherited)",
					"@executable_path/Frameworks",
				);
				MARKETING_VERSION = 1.0;
				PRODUCT_BUNDLE_IDENTIFIER = com.matterya.worldapp;
				PRODUCT_NAME = "$(TARGET_NAME)";
				SDKROOT = iphoneos;
				SWIFT_EMIT_LOC_STRINGS = YES;
				SWIFT_VERSION = 5.0;
				TARGETED_DEVICE_FAMILY = "1,2";
			};
			name = Release;
		};
/* End XCBuildConfiguration section */

/* Begin XCConfigurationList section */
		E6D7AD1AD60C4CEA97FB4A2A /* Build configuration list for PBXProject "WorldApp" */ = {
			isa = XCConfigurationList;
			buildConfigurations = (
				11E68814B35E49B0B888ECBB /* Debug */,
				16A824E490264672A2025551 /* Release */,
			);
			defaultConfigurationIsVisible = 0;
			defaultConfigurationName = Release;
		};
		820171E63A65450E9C01B5DA /* Build configuration list for PBXNativeTarget "WorldApp" */ = {
			isa = XCConfigurationList;
			buildConfigurations = (
				1073E4EF9C8D492E930D72CF /* Debug */,
				1F409B4363554A77993613D5 /* Release */,
			);
			defaultConfigurationIsVisible = 0;
			defaultConfigurationName = Release;
		};
/* End XCConfigurationList section */
	};
	rootObject = B6B7ABFE70DD4541B50FBE46 /* Project object */;
}
